
Microsoft Visual Studio Solution File, Format Version 12.00
# Visual Studio 15
VisualStudioVersion = 15.0.28307.1684
MinimumVisualStudioVersion = 10.0.40219.1
Project("{FAE04EC0-301F-11D3-BF4B-00C04F79EFBC}") = "StoreFront", "StoreFront\StoreFront.csproj", "{565CFFF9-A560-4766-B605-6662E8CD6790}"
EndProject
Project("{2150E333-8FDC-42A3-9474-1A3956D46DE8}") = "Solution Items", "Solution Items", "{F5AE2A3C-EB4B-49E6-A863-F98993ED5C08}"
	ProjectSection(SolutionItems) = preProject
		.gitignore = .gitignore
	EndProjectSection
EndProject
Project("{2150E333-8FDC-42A3-9474-1A3956D46DE8}") = "configs", "configs", "{73C66A77-2651-412D-89CA-A41FEBB31415}"
	ProjectSection(SolutionItems) = preProject
		connections.config = connections.config
	EndProjectSection
EndProject
Project("{FAE04EC0-301F-11D3-BF4B-00C04F79EFBC}") = "StoreFront.UI.MVC", "StoreFront.UI.MVC\StoreFront.UI.MVC.csproj", "{69643A98-1139-468A-BD31-C9E9E4DC69F8}"
EndProject
Project("{FAE04EC0-301F-11D3-BF4B-00C04F79EFBC}") = "StoreFront.DATA.EF", "StoreFront.DATA.EF\StoreFront.DATA.EF.csproj", "{642F7B94-B108-4F3E-9242-E6F80BCA3C4A}"
EndProject
Global
	GlobalSection(SolutionConfigurationPlatforms) = preSolution
		Debug|Any CPU = Debug|Any CPU
		Release|Any CPU = Release|Any CPU
	EndGlobalSection
	GlobalSection(ProjectConfigurationPlatforms) = postSolution
		{565CFFF9-A560-4766-B605-6662E8CD6790}.Debug|Any CPU.ActiveCfg = Debug|Any CPU
		{565CFFF9-A560-4766-B605-6662E8CD6790}.Debug|Any CPU.Build.0 = Debug|Any CPU
		{565CFFF9-A560-4766-B605-6662E8CD6790}.Release|Any CPU.ActiveCfg = Release|Any CPU
		{565CFFF9-A560-4766-B605-6662E8CD6790}.Release|Any CPU.Build.0 = Release|Any CPU
		{69643A98-1139-468A-BD31-C9E9E4DC69F8}.Debug|Any CPU.ActiveCfg = Debug|Any CPU
		{69643A98-1139-468A-BD31-C9E9E4DC69F8}.Debug|Any CPU.Build.0 = Debug|Any CPU
		{69643A98-1139-468A-BD31-C9E9E4DC69F8}.Release|Any CPU.ActiveCfg = Release|Any CPU
		{69643A98-1139-468A-BD31-C9E9E4DC69F8}.Release|Any CPU.Build.0 = Release|Any CPU
		{642F7B94-B108-4F3E-9242-E6F80BCA3C4A}.Debug|Any CPU.ActiveCfg = Debug|Any CPU
		{642F7B94-B108-4F3E-9242-E6F80BCA3C4A}.Debug|Any CPU.Build.0 = Debug|Any CPU
		{642F7B94-B108-4F3E-9242-E6F80BCA3C4A}.Release|Any CPU.ActiveCfg = Release|Any CPU
		{642F7B94-B108-4F3E-9242-E6F80BCA3C4A}.Release|Any CPU.Build.0 = Release|Any CPU
	EndGlobalSection
	GlobalSection(SolutionProperties) = preSolution
		HideSolutionNode = FALSE
	EndGlobalSection
	GlobalSection(ExtensibilityGlobals) = postSolution
		SolutionGuid = {FD7F7C4B-6640-4191-9DF1-DD8269FC95A2}
	EndGlobalSection
EndGlobal
